
Microsoft Visual Studio Solution File, Format Version 12.00
# Visual Studio Version 16
VisualStudioVersion = 16.0.32228.343
MinimumVisualStudioVersion = 10.0.40219.1
Project("{FAE04EC0-301F-11D3-BF4B-00C04F79EFBC}") = "Skripsi", "Skripsi\Skripsi.csproj", "{231C3F9A-EC76-4520-BFAB-902DEBC3676F}"
EndProject
Global
	GlobalSection(SolutionConfigurationPlatforms) = preSolution
		Debug|Any CPU = Debug|Any CPU
		Release|Any CPU = Release|Any CPU
	EndGlobalSection
	GlobalSection(ProjectConfigurationPlatforms) = postSolution
		{231C3F9A-EC76-4520-BFAB-902DEBC3676F}.Debug|Any CPU.ActiveCfg = Debug|Any CPU
		{231C3F9A-EC76-4520-BFAB-902DEBC3676F}.Debug|Any CPU.Build.0 = Debug|Any CPU
		{231C3F9A-EC76-4520-BFAB-902DEBC3676F}.Release|Any CPU.ActiveCfg = Release|Any CPU
		{231C3F9A-EC76-4520-BFAB-902DEBC3676F}.Release|Any CPU.Build.0 = Release|Any CPU
	EndGlobalSection
	GlobalSection(SolutionProperties) = preSolution
		HideSolutionNode = FALSE
	EndGlobalSection
	GlobalSection(ExtensibilityGlobals) = postSolution
		SolutionGuid = {ABDA993B-1423-4CE6-AE72-5FC4076934C3}
	EndGlobalSection
EndGlobal
